
Microsoft Visual Studio Solution File, Format Version 12.00
# Visual Studio 14
VisualStudioVersion = 14.0.25420.1
MinimumVisualStudioVersion = 10.0.40219.1
Project("{FAE04EC0-301F-11D3-BF4B-00C04F79EFBC}") = "Palmpose360", "Palmpose360.csproj", "{49EA2D7C-A2D2-42F0-A447-966AFFD19E42}"
EndProject
Project("{FAE04EC0-301F-11D3-BF4B-00C04F79EFBC}") = "Microsoft.Kinect.Toolkit", "Microsoft.Kinect.Toolkit\Microsoft.Kinect.Toolkit.csproj", "{C6F9C31B-6130-4443-A5CC-EF0664552ECD}"
EndProject
Project("{8BC9CEB8-8B4A-11D0-8D11-00A0C91BC942}") = "PointCloud", "PointCloud\PointCloud.vcxproj", "{2C3A3119-F130-4EC2-8408-208BE7799499}"
EndProject
Global
	GlobalSection(SolutionConfigurationPlatforms) = preSolution
		Debug|Any CPU = Debug|Any CPU
		Debug|x64 = Debug|x64
		Debug|x86 = Debug|x86
		Release|Any CPU = Release|Any CPU
		Release|x64 = Release|x64
		Release|x86 = Release|x86
	EndGlobalSection
	GlobalSection(ProjectConfigurationPlatforms) = postSolution
		{49EA2D7C-A2D2-42F0-A447-966AFFD19E42}.Debug|Any CPU.ActiveCfg = Debug|Any CPU
		{49EA2D7C-A2D2-42F0-A447-966AFFD19E42}.Debug|Any CPU.Build.0 = Debug|Any CPU
		{49EA2D7C-A2D2-42F0-A447-966AFFD19E42}.Debug|x64.ActiveCfg = Debug|Any CPU
		{49EA2D7C-A2D2-42F0-A447-966AFFD19E42}.Debug|x64.Build.0 = Debug|Any CPU
		{49EA2D7C-A2D2-42F0-A447-966AFFD19E42}.Debug|x86.ActiveCfg = Debug|Any CPU
		{49EA2D7C-A2D2-42F0-A447-966AFFD19E42}.Debug|x86.Build.0 = Debug|Any CPU
		{49EA2D7C-A2D2-42F0-A447-966AFFD19E42}.Release|Any CPU.ActiveCfg = Release|Any CPU
		{49EA2D7C-A2D2-42F0-A447-966AFFD19E42}.Release|Any CPU.Build.0 = Release|Any CPU
		{49EA2D7C-A2D2-42F0-A447-966AFFD19E42}.Release|x64.ActiveCfg = Release|Any CPU
		{49EA2D7C-A2D2-42F0-A447-966AFFD19E42}.Release|x64.Build.0 = Release|Any CPU
		{49EA2D7C-A2D2-42F0-A447-966AFFD19E42}.Release|x86.ActiveCfg = Release|Any CPU
		{49EA2D7C-A2D2-42F0-A447-966AFFD19E42}.Release|x86.Build.0 = Release|Any CPU
		{C6F9C31B-6130-4443-A5CC-EF0664552ECD}.Debug|Any CPU.ActiveCfg = Debug|Any CPU
		{C6F9C31B-6130-4443-A5CC-EF0664552ECD}.Debug|Any CPU.Build.0 = Debug|Any CPU
		{C6F9C31B-6130-4443-A5CC-EF0664552ECD}.Debug|x64.ActiveCfg = Debug|Any CPU
		{C6F9C31B-6130-4443-A5CC-EF0664552ECD}.Debug|x64.Build.0 = Debug|Any CPU
		{C6F9C31B-6130-4443-A5CC-EF0664552ECD}.Debug|x86.ActiveCfg = Debug|Any CPU
		{C6F9C31B-6130-4443-A5CC-EF0664552ECD}.Debug|x86.Build.0 = Debug|Any CPU
		{C6F9C31B-6130-4443-A5CC-EF0664552ECD}.Release|Any CPU.ActiveCfg = Release|Any CPU
		{C6F9C31B-6130-4443-A5CC-EF0664552ECD}.Release|Any CPU.Build.0 = Release|Any CPU
		{C6F9C31B-6130-4443-A5CC-EF0664552ECD}.Release|x64.ActiveCfg = Release|Any CPU
		{C6F9C31B-6130-4443-A5CC-EF0664552ECD}.Release|x64.Build.0 = Release|Any CPU
		{C6F9C31B-6130-4443-A5CC-EF0664552ECD}.Release|x86.ActiveCfg = Release|Any CPU
		{C6F9C31B-6130-4443-A5CC-EF0664552ECD}.Release|x86.Build.0 = Release|Any CPU
		{2C3A3119-F130-4EC2-8408-208BE7799499}.Debug|Any CPU.ActiveCfg = Debug|Win32
		{2C3A3119-F130-4EC2-8408-208BE7799499}.Debug|x64.ActiveCfg = Debug|x64
		{2C3A3119-F130-4EC2-8408-208BE7799499}.Debug|x64.Build.0 = Debug|x64
		{2C3A3119-F130-4EC2-8408-208BE7799499}.Debug|x86.ActiveCfg = Debug|Win32
		{2C3A3119-F130-4EC2-8408-208BE7799499}.Debug|x86.Build.0 = Debug|Win32
		{2C3A3119-F130-4EC2-8408-208BE7799499}.Release|Any CPU.ActiveCfg = Release|Win32
		{2C3A3119-F130-4EC2-8408-208BE7799499}.Release|x64.ActiveCfg = Release|x64
		{2C3A3119-F130-4EC2-8408-208BE7799499}.Release|x64.Build.0 = Release|x64
		{2C3A3119-F130-4EC2-8408-208BE7799499}.Release|x86.ActiveCfg = Release|Win32
		{2C3A3119-F130-4EC2-8408-208BE7799499}.Release|x86.Build.0 = Release|Win32
	EndGlobalSection
	GlobalSection(SolutionProperties) = preSolution
		HideSolutionNode = FALSE
	EndGlobalSection
EndGlobal
